// !$*UTF8*$!
{
	archiveVersion = 1;
	classes = {
	};
	objectVersion = 52;
	objects = {

/* Begin PBXBuildFile section */
		422D32DA235CB5000037CAEE /* WebView.swift in Sources */ = {isa = PBXBuildFile; fileRef = 422D32D9235CB5000037CAEE /* WebView.swift */; };
		42436170233B20E600DC26FA /* ConferenceCard.swift in Sources */ = {isa = PBXBuildFile; fileRef = 4243616F233B20E600DC26FA /* ConferenceCard.swift */; };
		427E4ADF233F4A4D00732BB2 /* ConferencesList.swift in Sources */ = {isa = PBXBuildFile; fileRef = 427E4ADE233F4A4D00732BB2 /* ConferencesList.swift */; };
		427E4AE2233F4C9C00732BB2 /* SwiftConferencesAPIKit in Frameworks */ = {isa = PBXBuildFile; productRef = 427E4AE1233F4C9C00732BB2 /* SwiftConferencesAPIKit */; };
		427E4AE9233F50CF00732BB2 /* SwiftConferencesDataKit in Frameworks */ = {isa = PBXBuildFile; productRef = 427E4AE8233F50CF00732BB2 /* SwiftConferencesDataKit */; };
		427E4AED234300D700732BB2 /* HomeViewModel.swift in Sources */ = {isa = PBXBuildFile; fileRef = 427E4AEC234300D700732BB2 /* HomeViewModel.swift */; };
		427E4AEF234301E200732BB2 /* ConferenceCardViewModel.swift in Sources */ = {isa = PBXBuildFile; fileRef = 427E4AEE234301E200732BB2 /* ConferenceCardViewModel.swift */; };
		427E4AF2234303EA00732BB2 /* Formatters.swift in Sources */ = {isa = PBXBuildFile; fileRef = 427E4AF1234303EA00732BB2 /* Formatters.swift */; };
		427E4AF42344545600732BB2 /* ViewsFactory.swift in Sources */ = {isa = PBXBuildFile; fileRef = 427E4AF32344545600732BB2 /* ViewsFactory.swift */; };
		427E4AF723445A3300732BB2 /* ConferencesListViewModel.swift in Sources */ = {isa = PBXBuildFile; fileRef = 427E4AF623445A3300732BB2 /* ConferencesListViewModel.swift */; };
		4296EC30233B1A7000F93FB3 /* AppDelegate.swift in Sources */ = {isa = PBXBuildFile; fileRef = 4296EC2F233B1A7000F93FB3 /* AppDelegate.swift */; };
		4296EC32233B1A7000F93FB3 /* SceneDelegate.swift in Sources */ = {isa = PBXBuildFile; fileRef = 4296EC31233B1A7000F93FB3 /* SceneDelegate.swift */; };
		4296EC34233B1A7000F93FB3 /* HomeView.swift in Sources */ = {isa = PBXBuildFile; fileRef = 4296EC33233B1A7000F93FB3 /* HomeView.swift */; };
		4296EC36233B1A7200F93FB3 /* Assets.xcassets in Resources */ = {isa = PBXBuildFile; fileRef = 4296EC35233B1A7200F93FB3 /* Assets.xcassets */; };
		4296EC39233B1A7200F93FB3 /* Preview Assets.xcassets in Resources */ = {isa = PBXBuildFile; fileRef = 4296EC38233B1A7200F93FB3 /* Preview Assets.xcassets */; };
		4296EC3C233B1A7200F93FB3 /* LaunchScreen.storyboard in Resources */ = {isa = PBXBuildFile; fileRef = 4296EC3A233B1A7200F93FB3 /* LaunchScreen.storyboard */; };
		4296EC47233B1A7200F93FB3 /* iOSConferencesTests.swift in Sources */ = {isa = PBXBuildFile; fileRef = 4296EC46233B1A7200F93FB3 /* iOSConferencesTests.swift */; };
		42DBEE1B23520854003D374D /* Date+Midnight.swift in Sources */ = {isa = PBXBuildFile; fileRef = 42DBEE1A23520854003D374D /* Date+Midnight.swift */; };
		C40B14E4235997FE00891E40 /* Coordinator.swift in Sources */ = {isa = PBXBuildFile; fileRef = C40B14E3235997FE00891E40 /* Coordinator.swift */; };
/* End PBXBuildFile section */

/* Begin PBXContainerItemProxy section */
		4296EC43233B1A7200F93FB3 /* PBXContainerItemProxy */ = {
			isa = PBXContainerItemProxy;
			containerPortal = 4296EC24233B1A7000F93FB3 /* Project object */;
			proxyType = 1;
			remoteGlobalIDString = 4296EC2B233B1A7000F93FB3;
			remoteInfo = iOSConferences;
		};
/* End PBXContainerItemProxy section */

/* Begin PBXFileReference section */
		422D32D9235CB5000037CAEE /* WebView.swift */ = {isa = PBXFileReference; lastKnownFileType = sourcecode.swift; path = WebView.swift; sourceTree = "<group>"; };
		4243616F233B20E600DC26FA /* ConferenceCard.swift */ = {isa = PBXFileReference; lastKnownFileType = sourcecode.swift; path = ConferenceCard.swift; sourceTree = "<group>"; };
		42436175233DBDB200DC26FA /* SwiftConferencesAPIKit */ = {isa = PBXFileReference; lastKnownFileType = folder; name = SwiftConferencesAPIKit; path = ../SwiftConferencesAPIKit; sourceTree = "<group>"; };
		427E4ADE233F4A4D00732BB2 /* ConferencesList.swift */ = {isa = PBXFileReference; lastKnownFileType = sourcecode.swift; path = ConferencesList.swift; sourceTree = "<group>"; };
		427E4AE7233F50C100732BB2 /* SwiftConferencesDataKit */ = {isa = PBXFileReference; lastKnownFileType = folder; name = SwiftConferencesDataKit; path = ../SwiftConferencesDataKit; sourceTree = "<group>"; };
		427E4AEC234300D700732BB2 /* HomeViewModel.swift */ = {isa = PBXFileReference; lastKnownFileType = sourcecode.swift; path = HomeViewModel.swift; sourceTree = "<group>"; };
		427E4AEE234301E200732BB2 /* ConferenceCardViewModel.swift */ = {isa = PBXFileReference; lastKnownFileType = sourcecode.swift; path = ConferenceCardViewModel.swift; sourceTree = "<group>"; };
		427E4AF1234303EA00732BB2 /* Formatters.swift */ = {isa = PBXFileReference; lastKnownFileType = sourcecode.swift; path = Formatters.swift; sourceTree = "<group>"; };
		427E4AF32344545600732BB2 /* ViewsFactory.swift */ = {isa = PBXFileReference; lastKnownFileType = sourcecode.swift; path = ViewsFactory.swift; sourceTree = "<group>"; };
		427E4AF623445A3300732BB2 /* ConferencesListViewModel.swift */ = {isa = PBXFileReference; lastKnownFileType = sourcecode.swift; path = ConferencesListViewModel.swift; sourceTree = "<group>"; };
		4296EC2C233B1A7000F93FB3 /* SwiftConferences.app */ = {isa = PBXFileReference; explicitFileType = wrapper.application; includeInIndex = 0; path = SwiftConferences.app; sourceTree = BUILT_PRODUCTS_DIR; };
		4296EC2F233B1A7000F93FB3 /* AppDelegate.swift */ = {isa = PBXFileReference; lastKnownFileType = sourcecode.swift; path = AppDelegate.swift; sourceTree = "<group>"; };
		4296EC31233B1A7000F93FB3 /* SceneDelegate.swift */ = {isa = PBXFileReference; lastKnownFileType = sourcecode.swift; path = SceneDelegate.swift; sourceTree = "<group>"; };
		4296EC33233B1A7000F93FB3 /* HomeView.swift */ = {isa = PBXFileReference; lastKnownFileType = sourcecode.swift; path = HomeView.swift; sourceTree = "<group>"; };
		4296EC35233B1A7200F93FB3 /* Assets.xcassets */ = {isa = PBXFileReference; lastKnownFileType = folder.assetcatalog; path = Assets.xcassets; sourceTree = "<group>"; };
		4296EC38233B1A7200F93FB3 /* Preview Assets.xcassets */ = {isa = PBXFileReference; lastKnownFileType = folder.assetcatalog; path = "Preview Assets.xcassets"; sourceTree = "<group>"; };
		4296EC3B233B1A7200F93FB3 /* Base */ = {isa = PBXFileReference; lastKnownFileType = file.storyboard; name = Base; path = Base.lproj/LaunchScreen.storyboard; sourceTree = "<group>"; };
		4296EC3D233B1A7200F93FB3 /* Info.plist */ = {isa = PBXFileReference; lastKnownFileType = text.plist.xml; path = Info.plist; sourceTree = "<group>"; };
		4296EC42233B1A7200F93FB3 /* SwiftConferencesTests.xctest */ = {isa = PBXFileReference; explicitFileType = wrapper.cfbundle; includeInIndex = 0; path = SwiftConferencesTests.xctest; sourceTree = BUILT_PRODUCTS_DIR; };
		4296EC46233B1A7200F93FB3 /* iOSConferencesTests.swift */ = {isa = PBXFileReference; lastKnownFileType = sourcecode.swift; path = iOSConferencesTests.swift; sourceTree = "<group>"; };
		4296EC48233B1A7200F93FB3 /* Info.plist */ = {isa = PBXFileReference; lastKnownFileType = text.plist.xml; path = Info.plist; sourceTree = "<group>"; };
		42DBEE1A23520854003D374D /* Date+Midnight.swift */ = {isa = PBXFileReference; lastKnownFileType = sourcecode.swift; path = "Date+Midnight.swift"; sourceTree = "<group>"; };
		C40B14E3235997FE00891E40 /* Coordinator.swift */ = {isa = PBXFileReference; lastKnownFileType = sourcecode.swift; path = Coordinator.swift; sourceTree = "<group>"; };
/* End PBXFileReference section */

/* Begin PBXFrameworksBuildPhase section */
		4296EC29233B1A7000F93FB3 /* Frameworks */ = {
			isa = PBXFrameworksBuildPhase;
			buildActionMask = 2147483647;
			files = (
				427E4AE2233F4C9C00732BB2 /* SwiftConferencesAPIKit in Frameworks */,
				427E4AE9233F50CF00732BB2 /* SwiftConferencesDataKit in Frameworks */,
			);
			runOnlyForDeploymentPostprocessing = 0;
		};
		4296EC3F233B1A7200F93FB3 /* Frameworks */ = {
			isa = PBXFrameworksBuildPhase;
			buildActionMask = 2147483647;
			files = (
			);
			runOnlyForDeploymentPostprocessing = 0;
		};
/* End PBXFrameworksBuildPhase section */

/* Begin PBXGroup section */
		427E4AE0233F4C9C00732BB2 /* Frameworks */ = {
			isa = PBXGroup;
			children = (
			);
			name = Frameworks;
			sourceTree = "<group>";
		};
		427E4AEA2343009400732BB2 /* HomeView */ = {
			isa = PBXGroup;
			children = (
				4296EC33233B1A7000F93FB3 /* HomeView.swift */,
				427E4AEC234300D700732BB2 /* HomeViewModel.swift */,
				427E4ADE233F4A4D00732BB2 /* ConferencesList.swift */,
				427E4AF623445A3300732BB2 /* ConferencesListViewModel.swift */,
				4243616F233B20E600DC26FA /* ConferenceCard.swift */,
				427E4AEE234301E200732BB2 /* ConferenceCardViewModel.swift */,
			);
			path = HomeView;
			sourceTree = "<group>";
		};
		427E4AF0234303D200732BB2 /* Utilities */ = {
			isa = PBXGroup;
			children = (
				427E4AF1234303EA00732BB2 /* Formatters.swift */,
				42DBEE1A23520854003D374D /* Date+Midnight.swift */,
			);
			path = Utilities;
			sourceTree = "<group>";
		};
		4296EC23233B1A7000F93FB3 = {
			isa = PBXGroup;
			children = (
				42436175233DBDB200DC26FA /* SwiftConferencesAPIKit */,
				427E4AE7233F50C100732BB2 /* SwiftConferencesDataKit */,
				4296EC2E233B1A7000F93FB3 /* SwiftConferences */,
				4296EC45233B1A7200F93FB3 /* SwiftConferencesTests */,
				4296EC2D233B1A7000F93FB3 /* Products */,
				427E4AE0233F4C9C00732BB2 /* Frameworks */,
			);
			sourceTree = "<group>";
		};
		4296EC2D233B1A7000F93FB3 /* Products */ = {
			isa = PBXGroup;
			children = (
				4296EC2C233B1A7000F93FB3 /* SwiftConferences.app */,
				4296EC42233B1A7200F93FB3 /* SwiftConferencesTests.xctest */,
			);
			name = Products;
			sourceTree = "<group>";
		};
		4296EC2E233B1A7000F93FB3 /* SwiftConferences */ = {
			isa = PBXGroup;
			children = (
				4296EC2F233B1A7000F93FB3 /* AppDelegate.swift */,
				C40B14E3235997FE00891E40 /* Coordinator.swift */,
				4296EC31233B1A7000F93FB3 /* SceneDelegate.swift */,
				427E4AF32344545600732BB2 /* ViewsFactory.swift */,
				422D32D9235CB5000037CAEE /* WebView.swift */,
				427E4AEA2343009400732BB2 /* HomeView */,
				427E4AF0234303D200732BB2 /* Utilities */,
				4296EC35233B1A7200F93FB3 /* Assets.xcassets */,
				4296EC3A233B1A7200F93FB3 /* LaunchScreen.storyboard */,
				4296EC3D233B1A7200F93FB3 /* Info.plist */,
				4296EC37233B1A7200F93FB3 /* Preview Content */,
			);
			path = SwiftConferences;
			sourceTree = "<group>";
		};
		4296EC37233B1A7200F93FB3 /* Preview Content */ = {
			isa = PBXGroup;
			children = (
				4296EC38233B1A7200F93FB3 /* Preview Assets.xcassets */,
			);
			path = "Preview Content";
			sourceTree = "<group>";
		};
		4296EC45233B1A7200F93FB3 /* SwiftConferencesTests */ = {
			isa = PBXGroup;
			children = (
				4296EC46233B1A7200F93FB3 /* iOSConferencesTests.swift */,
				4296EC48233B1A7200F93FB3 /* Info.plist */,
			);
			path = SwiftConferencesTests;
			sourceTree = "<group>";
		};
/* End PBXGroup section */

/* Begin PBXNativeTarget section */
		4296EC2B233B1A7000F93FB3 /* SwiftConferences */ = {
			isa = PBXNativeTarget;
			buildConfigurationList = 4296EC4B233B1A7200F93FB3 /* Build configuration list for PBXNativeTarget "SwiftConferences" */;
			buildPhases = (
				4296EC28233B1A7000F93FB3 /* Sources */,
				4296EC29233B1A7000F93FB3 /* Frameworks */,
				4296EC2A233B1A7000F93FB3 /* Resources */,
			);
			buildRules = (
			);
			dependencies = (
			);
			name = SwiftConferences;
			packageProductDependencies = (
				427E4AE1233F4C9C00732BB2 /* SwiftConferencesAPIKit */,
				427E4AE8233F50CF00732BB2 /* SwiftConferencesDataKit */,
			);
			productName = iOSConferences;
			productReference = 4296EC2C233B1A7000F93FB3 /* SwiftConferences.app */;
			productType = "com.apple.product-type.application";
		};
		4296EC41233B1A7200F93FB3 /* SwiftConferencesTests */ = {
			isa = PBXNativeTarget;
			buildConfigurationList = 4296EC4E233B1A7200F93FB3 /* Build configuration list for PBXNativeTarget "SwiftConferencesTests" */;
			buildPhases = (
				4296EC3E233B1A7200F93FB3 /* Sources */,
				4296EC3F233B1A7200F93FB3 /* Frameworks */,
				4296EC40233B1A7200F93FB3 /* Resources */,
			);
			buildRules = (
			);
			dependencies = (
				4296EC44233B1A7200F93FB3 /* PBXTargetDependency */,
			);
			name = SwiftConferencesTests;
			productName = iOSConferencesTests;
			productReference = 4296EC42233B1A7200F93FB3 /* SwiftConferencesTests.xctest */;
			productType = "com.apple.product-type.bundle.unit-test";
		};
/* End PBXNativeTarget section */

/* Begin PBXProject section */
		4296EC24233B1A7000F93FB3 /* Project object */ = {
			isa = PBXProject;
			attributes = {
				LastSwiftUpdateCheck = 1100;
				LastUpgradeCheck = 1100;
				ORGANIZATIONNAME = Arminas;
				TargetAttributes = {
					4296EC2B233B1A7000F93FB3 = {
						CreatedOnToolsVersion = 11.0;
					};
					4296EC41233B1A7200F93FB3 = {
						CreatedOnToolsVersion = 11.0;
						TestTargetID = 4296EC2B233B1A7000F93FB3;
					};
				};
			};
			buildConfigurationList = 4296EC27233B1A7000F93FB3 /* Build configuration list for PBXProject "SwiftConferences" */;
			compatibilityVersion = "Xcode 9.3";
			developmentRegion = en;
			hasScannedForEncodings = 0;
			knownRegions = (
				en,
				Base,
			);
			mainGroup = 4296EC23233B1A7000F93FB3;
			productRefGroup = 4296EC2D233B1A7000F93FB3 /* Products */;
			projectDirPath = "";
			projectRoot = "";
			targets = (
				4296EC2B233B1A7000F93FB3 /* SwiftConferences */,
				4296EC41233B1A7200F93FB3 /* SwiftConferencesTests */,
			);
		};
/* End PBXProject section */

/* Begin PBXResourcesBuildPhase section */
		4296EC2A233B1A7000F93FB3 /* Resources */ = {
			isa = PBXResourcesBuildPhase;
			buildActionMask = 2147483647;
			files = (
				4296EC3C233B1A7200F93FB3 /* LaunchScreen.storyboard in Resources */,
				4296EC39233B1A7200F93FB3 /* Preview Assets.xcassets in Resources */,
				4296EC36233B1A7200F93FB3 /* Assets.xcassets in Resources */,
			);
			runOnlyForDeploymentPostprocessing = 0;
		};
		4296EC40233B1A7200F93FB3 /* Resources */ = {
			isa = PBXResourcesBuildPhase;
			buildActionMask = 2147483647;
			files = (
			);
			runOnlyForDeploymentPostprocessing = 0;
		};
/* End PBXResourcesBuildPhase section */

/* Begin PBXSourcesBuildPhase section */
		4296EC28233B1A7000F93FB3 /* Sources */ = {
			isa = PBXSourcesBuildPhase;
			buildActionMask = 2147483647;
			files = (
				4296EC30233B1A7000F93FB3 /* AppDelegate.swift in Sources */,
				427E4AF723445A3300732BB2 /* ConferencesListViewModel.swift in Sources */,
				C40B14E4235997FE00891E40 /* Coordinator.swift in Sources */,
				42436170233B20E600DC26FA /* ConferenceCard.swift in Sources */,
				427E4AED234300D700732BB2 /* HomeViewModel.swift in Sources */,
				427E4AF2234303EA00732BB2 /* Formatters.swift in Sources */,
				4296EC32233B1A7000F93FB3 /* SceneDelegate.swift in Sources */,
				4296EC34233B1A7000F93FB3 /* HomeView.swift in Sources */,
				427E4AF42344545600732BB2 /* ViewsFactory.swift in Sources */,
				427E4AEF234301E200732BB2 /* ConferenceCardViewModel.swift in Sources */,
				427E4ADF233F4A4D00732BB2 /* ConferencesList.swift in Sources */,
				42DBEE1B23520854003D374D /* Date+Midnight.swift in Sources */,
				422D32DA235CB5000037CAEE /* WebView.swift in Sources */,
			);
			runOnlyForDeploymentPostprocessing = 0;
		};
		4296EC3E233B1A7200F93FB3 /* Sources */ = {
			isa = PBXSourcesBuildPhase;
			buildActionMask = 2147483647;
			files = (
				4296EC47233B1A7200F93FB3 /* iOSConferencesTests.swift in Sources */,
			);
			runOnlyForDeploymentPostprocessing = 0;
		};
/* End PBXSourcesBuildPhase section */

/* Begin PBXTargetDependency section */
		4296EC44233B1A7200F93FB3 /* PBXTargetDependency */ = {
			isa = PBXTargetDependency;
			target = 4296EC2B233B1A7000F93FB3 /* SwiftConferences */;
			targetProxy = 4296EC43233B1A7200F93FB3 /* PBXContainerItemProxy */;
		};
/* End PBXTargetDependency section */

/* Begin PBXVariantGroup section */
		4296EC3A233B1A7200F93FB3 /* LaunchScreen.storyboard */ = {
			isa = PBXVariantGroup;
			children = (
				4296EC3B233B1A7200F93FB3 /* Base */,
			);
			name = LaunchScreen.storyboard;
			sourceTree = "<group>";
		};
/* End PBXVariantGroup section */

/* Begin XCBuildConfiguration section */
		4296EC49233B1A7200F93FB3 /* Debug */ = {
			isa = XCBuildConfiguration;
			buildSettings = {
				ALWAYS_SEARCH_USER_PATHS = NO;
				CLANG_ANALYZER_NONNULL = YES;
				CLANG_ANALYZER_NUMBER_OBJECT_CONVERSION = YES_AGGRESSIVE;
				CLANG_CXX_LANGUAGE_STANDARD = "gnu++14";
				CLANG_CXX_LIBRARY = "libc++";
				CLANG_ENABLE_MODULES = YES;
				CLANG_ENABLE_OBJC_ARC = YES;
				CLANG_ENABLE_OBJC_WEAK = YES;
				CLANG_WARN_BLOCK_CAPTURE_AUTORELEASING = YES;
				CLANG_WARN_BOOL_CONVERSION = YES;
				CLANG_WARN_COMMA = YES;
				CLANG_WARN_CONSTANT_CONVERSION = YES;
				CLANG_WARN_DEPRECATED_OBJC_IMPLEMENTATIONS = YES;
				CLANG_WARN_DIRECT_OBJC_ISA_USAGE = YES_ERROR;
				CLANG_WARN_DOCUMENTATION_COMMENTS = YES;
				CLANG_WARN_EMPTY_BODY = YES;
				CLANG_WARN_ENUM_CONVERSION = YES;
				CLANG_WARN_INFINITE_RECURSION = YES;
				CLANG_WARN_INT_CONVERSION = YES;
				CLANG_WARN_NON_LITERAL_NULL_CONVERSION = YES;
				CLANG_WARN_OBJC_IMPLICIT_RETAIN_SELF = YES;
				CLANG_WARN_OBJC_LITERAL_CONVERSION = YES;
				CLANG_WARN_OBJC_ROOT_CLASS = YES_ERROR;
				CLANG_WARN_RANGE_LOOP_ANALYSIS = YES;
				CLANG_WARN_STRICT_PROTOTYPES = YES;
				CLANG_WARN_SUSPICIOUS_MOVE = YES;
				CLANG_WARN_UNGUARDED_AVAILABILITY = YES_AGGRESSIVE;
				CLANG_WARN_UNREACHABLE_CODE = YES;
				CLANG_WARN__DUPLICATE_METHOD_MATCH = YES;
				COPY_PHASE_STRIP = NO;
				DEBUG_INFORMATION_FORMAT = dwarf;
				ENABLE_STRICT_OBJC_MSGSEND = YES;
				ENABLE_TESTABILITY = YES;
				GCC_C_LANGUAGE_STANDARD = gnu11;
				GCC_DYNAMIC_NO_PIC = NO;
				GCC_NO_COMMON_BLOCKS = YES;
				GCC_OPTIMIZATION_LEVEL = 0;
				GCC_PREPROCESSOR_DEFINITIONS = (
					"DEBUG=1",
					"$(inherited)",
				);
				GCC_WARN_64_TO_32_BIT_CONVERSION = YES;
				GCC_WARN_ABOUT_RETURN_TYPE = YES_ERROR;
				GCC_WARN_UNDECLARED_SELECTOR = YES;
				GCC_WARN_UNINITIALIZED_AUTOS = YES_AGGRESSIVE;
				GCC_WARN_UNUSED_FUNCTION = YES;
				GCC_WARN_UNUSED_VARIABLE = YES;
				IPHONEOS_DEPLOYMENT_TARGET = 13.0;
				MTL_ENABLE_DEBUG_INFO = INCLUDE_SOURCE;
				MTL_FAST_MATH = YES;
				ONLY_ACTIVE_ARCH = YES;
				SDKROOT = iphoneos;
				SWIFT_ACTIVE_COMPILATION_CONDITIONS = DEBUG;
				SWIFT_OPTIMIZATION_LEVEL = "-Onone";
			};
			name = Debug;
		};
		4296EC4A233B1A7200F93FB3 /* Release */ = {
			isa = XCBuildConfiguration;
			buildSettings = {
				ALWAYS_SEARCH_USER_PATHS = NO;
				CLANG_ANALYZER_NONNULL = YES;
				CLANG_ANALYZER_NUMBER_OBJECT_CONVERSION = YES_AGGRESSIVE;
				CLANG_CXX_LANGUAGE_STANDARD = "gnu++14";
				CLANG_CXX_LIBRARY = "libc++";
				CLANG_ENABLE_MODULES = YES;
				CLANG_ENABLE_OBJC_ARC = YES;
				CLANG_ENABLE_OBJC_WEAK = YES;
				CLANG_WARN_BLOCK_CAPTURE_AUTORELEASING = YES;
				CLANG_WARN_BOOL_CONVERSION = YES;
				CLANG_WARN_COMMA = YES;
				CLANG_WARN_CONSTANT_CONVERSION = YES;
				CLANG_WARN_DEPRECATED_OBJC_IMPLEMENTATIONS = YES;
				CLANG_WARN_DIRECT_OBJC_ISA_USAGE = YES_ERROR;
				CLANG_WARN_DOCUMENTATION_COMMENTS = YES;
				CLANG_WARN_EMPTY_BODY = YES;
				CLANG_WARN_ENUM_CONVERSION = YES;
				CLANG_WARN_INFINITE_RECURSION = YES;
				CLANG_WARN_INT_CONVERSION = YES;
				CLANG_WARN_NON_LITERAL_NULL_CONVERSION = YES;
				CLANG_WARN_OBJC_IMPLICIT_RETAIN_SELF = YES;
				CLANG_WARN_OBJC_LITERAL_CONVERSION = YES;
				CLANG_WARN_OBJC_ROOT_CLASS = YES_ERROR;
				CLANG_WARN_RANGE_LOOP_ANALYSIS = YES;
				CLANG_WARN_STRICT_PROTOTYPES = YES;
				CLANG_WARN_SUSPICIOUS_MOVE = YES;
				CLANG_WARN_UNGUARDED_AVAILABILITY = YES_AGGRESSIVE;
				CLANG_WARN_UNREACHABLE_CODE = YES;
				CLANG_WARN__DUPLICATE_METHOD_MATCH = YES;
				COPY_PHASE_STRIP = NO;
				DEBUG_INFORMATION_FORMAT = "dwarf-with-dsym";
				ENABLE_NS_ASSERTIONS = NO;
				ENABLE_STRICT_OBJC_MSGSEND = YES;
				GCC_C_LANGUAGE_STANDARD = gnu11;
				GCC_NO_COMMON_BLOCKS = YES;
				GCC_WARN_64_TO_32_BIT_CONVERSION = YES;
				GCC_WARN_ABOUT_RETURN_TYPE = YES_ERROR;
				GCC_WARN_UNDECLARED_SELECTOR = YES;
				GCC_WARN_UNINITIALIZED_AUTOS = YES_AGGRESSIVE;
				GCC_WARN_UNUSED_FUNCTION = YES;
				GCC_WARN_UNUSED_VARIABLE = YES;
				IPHONEOS_DEPLOYMENT_TARGET = 13.0;
				MTL_ENABLE_DEBUG_INFO = NO;
				MTL_FAST_MATH = YES;
				SDKROOT = iphoneos;
				SWIFT_COMPILATION_MODE = wholemodule;
				SWIFT_OPTIMIZATION_LEVEL = "-O";
				VALIDATE_PRODUCT = YES;
			};
			name = Release;
		};
		4296EC4C233B1A7200F93FB3 /* Debug */ = {
			isa = XCBuildConfiguration;
			buildSettings = {
				ASSETCATALOG_COMPILER_APPICON_NAME = AppIcon;
				CODE_SIGN_STYLE = Automatic;
				DEVELOPMENT_ASSET_PATHS = "\"SwiftConferences/Preview Content\"";
				DEVELOPMENT_TEAM = 7KVHW22DRT;
				ENABLE_PREVIEWS = YES;
				INFOPLIST_FILE = SwiftConferences/Info.plist;
				LD_RUNPATH_SEARCH_PATHS = (
					"$(inherited)",
					"@executable_path/Frameworks",
				);
				PRODUCT_BUNDLE_IDENTIFIER = com.arminasrevel.SwiftConferences;
				PRODUCT_NAME = "$(TARGET_NAME)";
				SWIFT_VERSION = 5.0;
				TARGETED_DEVICE_FAMILY = "1,2";
			};
			name = Debug;
		};
		4296EC4D233B1A7200F93FB3 /* Release */ = {
			isa = XCBuildConfiguration;
			buildSettings = {
				ASSETCATALOG_COMPILER_APPICON_NAME = AppIcon;
				CODE_SIGN_STYLE = Automatic;
				DEVELOPMENT_ASSET_PATHS = "\"SwiftConferences/Preview Content\"";
				DEVELOPMENT_TEAM = P2NV4FHDH6;
				ENABLE_PREVIEWS = YES;
				INFOPLIST_FILE = SwiftConferences/Info.plist;
				LD_RUNPATH_SEARCH_PATHS = (
					"$(inherited)",
					"@executable_path/Frameworks",
				);
				PRODUCT_BUNDLE_IDENTIFIER = com.arminasr.SwiftConferences;
				PRODUCT_NAME = "$(TARGET_NAME)";
				SWIFT_VERSION = 5.0;
				TARGETED_DEVICE_FAMILY = "1,2";
			};
			name = Release;
		};
		4296EC4F233B1A7200F93FB3 /* Debug */ = {
			isa = XCBuildConfiguration;
			buildSettings = {
				ALWAYS_EMBED_SWIFT_STANDARD_LIBRARIES = YES;
				BUNDLE_LOADER = "$(TEST_HOST)";
				CODE_SIGN_STYLE = Automatic;
				DEVELOPMENT_TEAM = P2NV4FHDH6;
				INFOPLIST_FILE = SwiftConferencesTests/Info.plist;
				IPHONEOS_DEPLOYMENT_TARGET = 13.0;
				LD_RUNPATH_SEARCH_PATHS = (
					"$(inherited)",
					"@executable_path/Frameworks",
					"@loader_path/Frameworks",
				);
				PRODUCT_BUNDLE_IDENTIFIER = com.imauk.SwiftConferencesTests;
				PRODUCT_NAME = "$(TARGET_NAME)";
				SWIFT_VERSION = 5.0;
				TARGETED_DEVICE_FAMILY = "1,2";
				TEST_HOST = "$(BUILT_PRODUCTS_DIR)/SwiftConferences.app/SwiftConferences";
			};
			name = Debug;
		};
		4296EC50233B1A7200F93FB3 /* Release */ = {
			isa = XCBuildConfiguration;
			buildSettings = {
				ALWAYS_EMBED_SWIFT_STANDARD_LIBRARIES = YES;
				BUNDLE_LOADER = "$(TEST_HOST)";
				CODE_SIGN_STYLE = Automatic;
				DEVELOPMENT_TEAM = P2NV4FHDH6;
				INFOPLIST_FILE = SwiftConferencesTests/Info.plist;
				IPHONEOS_DEPLOYMENT_TARGET = 13.0;
				LD_RUNPATH_SEARCH_PATHS = (
					"$(inherited)",
					"@executable_path/Frameworks",
					"@loader_path/Frameworks",
				);
				PRODUCT_BUNDLE_IDENTIFIER = com.imauk.SwiftConferencesTests;
				PRODUCT_NAME = "$(TARGET_NAME)";
				SWIFT_VERSION = 5.0;
				TARGETED_DEVICE_FAMILY = "1,2";
				TEST_HOST = "$(BUILT_PRODUCTS_DIR)/SwiftConferences.app/SwiftConferences";
			};
			name = Release;
		};
/* End XCBuildConfiguration section */

/* Begin XCConfigurationList section */
		4296EC27233B1A7000F93FB3 /* Build configuration list for PBXProject "SwiftConferences" */ = {
			isa = XCConfigurationList;
			buildConfigurations = (
				4296EC49233B1A7200F93FB3 /* Debug */,
				4296EC4A233B1A7200F93FB3 /* Release */,
			);
			defaultConfigurationIsVisible = 0;
			defaultConfigurationName = Release;
		};
		4296EC4B233B1A7200F93FB3 /* Build configuration list for PBXNativeTarget "SwiftConferences" */ = {
			isa = XCConfigurationList;
			buildConfigurations = (
				4296EC4C233B1A7200F93FB3 /* Debug */,
				4296EC4D233B1A7200F93FB3 /* Release */,
			);
			defaultConfigurationIsVisible = 0;
			defaultConfigurationName = Release;
		};
		4296EC4E233B1A7200F93FB3 /* Build configuration list for PBXNativeTarget "SwiftConferencesTests" */ = {
			isa = XCConfigurationList;
			buildConfigurations = (
				4296EC4F233B1A7200F93FB3 /* Debug */,
				4296EC50233B1A7200F93FB3 /* Release */,
			);
			defaultConfigurationIsVisible = 0;
			defaultConfigurationName = Release;
		};
/* End XCConfigurationList section */

/* Begin XCSwiftPackageProductDependency section */
		427E4AE1233F4C9C00732BB2 /* SwiftConferencesAPIKit */ = {
			isa = XCSwiftPackageProductDependency;
			productName = SwiftConferencesAPIKit;
		};
		427E4AE8233F50CF00732BB2 /* SwiftConferencesDataKit */ = {
			isa = XCSwiftPackageProductDependency;
			productName = SwiftConferencesDataKit;
		};
/* End XCSwiftPackageProductDependency section */
	};
	rootObject = 4296EC24233B1A7000F93FB3 /* Project object */;
}
